// !$*UTF8*$!
{
	archiveVersion = 1;
	classes = {
	};
	objectVersion = 46;
	objects = {

/* Begin PBXBuildFile section */
		3D769FF61BB932D700F26005 /* AppDelegate.m in Sources */ = {isa = PBXBuildFile; fileRef = 3D769FF21BB932D700F26005 /* AppDelegate.m */; };
		3D769FF71BB932D700F26005 /* Images.xcassets in Resources */ = {isa = PBXBuildFile; fileRef = 3D769FF31BB932D700F26005 /* Images.xcassets */; };
		3D769FFF1BB93B0200F26005 /* main.m in Sources */ = {isa = PBXBuildFile; fileRef = 3D769FFD1BB93B0200F26005 /* main.m */; };
		3D76A0161BB93DC200F26005 /* Main.storyboard in Resources */ = {isa = PBXBuildFile; fileRef = 3D76A0141BB93DC200F26005 /* Main.storyboard */; };
		3D76A0191BB93EB200F26005 /* LaunchScreen.xib in Resources */ = {isa = PBXBuildFile; fileRef = 3D76A0171BB93EB200F26005 /* LaunchScreen.xib */; };
		3DA33E1D1BC2756F00E18253 /* EasylinkAliViewController.m in Sources */ = {isa = PBXBuildFile; fileRef = 3DA33E1C1BC2756F00E18253 /* EasylinkAliViewController.m */; };
		3DA33E201BC2768100E18253 /* EasyLinkForAXZWifiLink.m in Sources */ = {isa = PBXBuildFile; fileRef = 3DA33E1F1BC2768100E18253 /* EasyLinkForAXZWifiLink.m */; };
		3DB9C75D1CF5ACE100576DA2 /* libEasyLink.a in Frameworks */ = {isa = PBXBuildFile; fileRef = 3DB9C75C1CF5ACE100576DA2 /* libEasyLink.a */; };
		3DD4B5FB1BBA654500CE20F0 /* EasylinkViewController.m in Sources */ = {isa = PBXBuildFile; fileRef = 3DD4B5FA1BBA654500CE20F0 /* EasylinkViewController.m */; };
		3DD4B5FE1BBA74E900CE20F0 /* RootViewController.m in Sources */ = {isa = PBXBuildFile; fileRef = 3DD4B5FD1BBA74E900CE20F0 /* RootViewController.m */; };
		3DEB952F1BF3383E0005C635 /* MXCHIPAirlink.m in Sources */ = {isa = PBXBuildFile; fileRef = 3DEB952E1BF3383E0005C635 /* MXCHIPAirlink.m */; };
		3DEB95321BF347EF0005C635 /* GizwitsViewController.m in Sources */ = {isa = PBXBuildFile; fileRef = 3DEB95311BF347EF0005C635 /* GizwitsViewController.m */; };
		BF8FD931F1EF7A8E765A9076 /* libPods-EasylinkDemo.a in Frameworks */ = {isa = PBXBuildFile; fileRef = 1CE65D5B1C7183F615359A84 /* libPods-EasylinkDemo.a */; };
/* End PBXBuildFile section */

/* Begin PBXContainerItemProxy section */
		3DFED6901AFCCFC50089FC07 /* PBXContainerItemProxy */ = {
			isa = PBXContainerItemProxy;
			containerPortal = 3DFED66E1AFCCFC50089FC07 /* Project object */;
			proxyType = 1;
			remoteGlobalIDString = 3DFED6751AFCCFC50089FC07;
			remoteInfo = "Easlink send demo";
		};
/* End PBXContainerItemProxy section */

/* Begin PBXFileReference section */
		1CE65D5B1C7183F615359A84 /* libPods-EasylinkDemo.a */ = {isa = PBXFileReference; explicitFileType = archive.ar; includeInIndex = 0; path = "libPods-EasylinkDemo.a"; sourceTree = BUILT_PRODUCTS_DIR; };
		3D611A891BC4A58C00DC1F4B /* AXZWifiLinkProtocol.h */ = {isa = PBXFileReference; fileEncoding = 4; lastKnownFileType = sourcecode.c.h; name = AXZWifiLinkProtocol.h; path = EasylinkDemo/EasyLink/AXZWifiLinkProtocol.h; sourceTree = SOURCE_ROOT; };
		3D769FF11BB932D700F26005 /* AppDelegate.h */ = {isa = PBXFileReference; fileEncoding = 4; lastKnownFileType = sourcecode.c.h; name = AppDelegate.h; path = EasylinkDemo/AppDelegate.h; sourceTree = SOURCE_ROOT; };
		3D769FF21BB932D700F26005 /* AppDelegate.m */ = {isa = PBXFileReference; fileEncoding = 4; lastKnownFileType = sourcecode.c.objc; name = AppDelegate.m; path = EasylinkDemo/AppDelegate.m; sourceTree = SOURCE_ROOT; };
		3D769FF31BB932D700F26005 /* Images.xcassets */ = {isa = PBXFileReference; lastKnownFileType = folder.assetcatalog; name = Images.xcassets; path = EasylinkDemo/Images.xcassets; sourceTree = SOURCE_ROOT; };
		3D769FFC1BB93B0200F26005 /* Info.plist */ = {isa = PBXFileReference; fileEncoding = 4; lastKnownFileType = text.plist.xml; name = Info.plist; path = EasylinkDemo/Info.plist; sourceTree = SOURCE_ROOT; };
		3D769FFD1BB93B0200F26005 /* main.m */ = {isa = PBXFileReference; fileEncoding = 4; lastKnownFileType = sourcecode.c.objc; name = main.m; path = EasylinkDemo/main.m; sourceTree = SOURCE_ROOT; };
		3D76A0131BB93CF500F26005 /* EasyLink.h */ = {isa = PBXFileReference; fileEncoding = 4; lastKnownFileType = sourcecode.c.h; name = EasyLink.h; path = EasylinkDemo/EasyLink/EasyLink.h; sourceTree = SOURCE_ROOT; };
		3D76A0151BB93DC200F26005 /* Base */ = {isa = PBXFileReference; lastKnownFileType = file.storyboard; name = Base; path = EasylinkDemo/Base.lproj/Main.storyboard; sourceTree = "<group>"; };
		3D76A0181BB93EB200F26005 /* Base */ = {isa = PBXFileReference; lastKnownFileType = file.xib; name = Base; path = EasylinkDemo/Base.lproj/LaunchScreen.xib; sourceTree = "<group>"; };
		3DA33E1B1BC2756F00E18253 /* EasylinkAliViewController.h */ = {isa = PBXFileReference; fileEncoding = 4; lastKnownFileType = sourcecode.c.h; name = EasylinkAliViewController.h; path = EasylinkDemo/EasylinkAliViewController.h; sourceTree = SOURCE_ROOT; };
		3DA33E1C1BC2756F00E18253 /* EasylinkAliViewController.m */ = {isa = PBXFileReference; fileEncoding = 4; lastKnownFileType = sourcecode.c.objc; name = EasylinkAliViewController.m; path = EasylinkDemo/EasylinkAliViewController.m; sourceTree = SOURCE_ROOT; };
		3DA33E1E1BC2768100E18253 /* EasyLinkForAXZWifiLink.h */ = {isa = PBXFileReference; fileEncoding = 4; lastKnownFileType = sourcecode.c.h; name = EasyLinkForAXZWifiLink.h; path = EasylinkDemo/EasyLink/EasyLinkForAXZWifiLink.h; sourceTree = SOURCE_ROOT; };
		3DA33E1F1BC2768100E18253 /* EasyLinkForAXZWifiLink.m */ = {isa = PBXFileReference; fileEncoding = 4; lastKnownFileType = sourcecode.c.objc; name = EasyLinkForAXZWifiLink.m; path = EasylinkDemo/EasyLink/EasyLinkForAXZWifiLink.m; sourceTree = SOURCE_ROOT; };
		3DB9C75C1CF5ACE100576DA2 /* libEasyLink.a */ = {isa = PBXFileReference; lastKnownFileType = archive.ar; name = libEasyLink.a; path = EasylinkDemo/EasyLink/libEasyLink.a; sourceTree = SOURCE_ROOT; };
		3DD4B5F91BBA654500CE20F0 /* EasylinkViewController.h */ = {isa = PBXFileReference; fileEncoding = 4; lastKnownFileType = sourcecode.c.h; name = EasylinkViewController.h; path = EasylinkDemo/EasylinkViewController.h; sourceTree = SOURCE_ROOT; };
		3DD4B5FA1BBA654500CE20F0 /* EasylinkViewController.m */ = {isa = PBXFileReference; fileEncoding = 4; lastKnownFileType = sourcecode.c.objc; name = EasylinkViewController.m; path = EasylinkDemo/EasylinkViewController.m; sourceTree = SOURCE_ROOT; };
		3DD4B5FC1BBA74E900CE20F0 /* RootViewController.h */ = {isa = PBXFileReference; fileEncoding = 4; lastKnownFileType = sourcecode.c.h; name = RootViewController.h; path = EasylinkDemo/RootViewController.h; sourceTree = SOURCE_ROOT; };
		3DD4B5FD1BBA74E900CE20F0 /* RootViewController.m */ = {isa = PBXFileReference; fileEncoding = 4; lastKnownFileType = sourcecode.c.objc; name = RootViewController.m; path = EasylinkDemo/RootViewController.m; sourceTree = SOURCE_ROOT; };
		3DD5ED131BD8F0C200654389 /* EasylinkDemo.entitlements */ = {isa = PBXFileReference; lastKnownFileType = text.xml; name = EasylinkDemo.entitlements; path = EasylinkDemo/EasylinkDemo.entitlements; sourceTree = "<group>"; };
		3DEB952D1BF3383E0005C635 /* MXCHIPAirlink.h */ = {isa = PBXFileReference; fileEncoding = 4; lastKnownFileType = sourcecode.c.h; name = MXCHIPAirlink.h; path = EasylinkDemo/EasyLink/MXCHIPAirlink.h; sourceTree = SOURCE_ROOT; };
		3DEB952E1BF3383E0005C635 /* MXCHIPAirlink.m */ = {isa = PBXFileReference; fileEncoding = 4; lastKnownFileType = sourcecode.c.objc; name = MXCHIPAirlink.m; path = EasylinkDemo/EasyLink/MXCHIPAirlink.m; sourceTree = SOURCE_ROOT; };
		3DEB95301BF347EF0005C635 /* GizwitsViewController.h */ = {isa = PBXFileReference; fileEncoding = 4; lastKnownFileType = sourcecode.c.h; name = GizwitsViewController.h; path = EasylinkDemo/GizwitsViewController.h; sourceTree = SOURCE_ROOT; };
		3DEB95311BF347EF0005C635 /* GizwitsViewController.m */ = {isa = PBXFileReference; fileEncoding = 4; lastKnownFileType = sourcecode.c.objc; name = GizwitsViewController.m; path = EasylinkDemo/GizwitsViewController.m; sourceTree = SOURCE_ROOT; };
		3DFED6761AFCCFC50089FC07 /* EasylinkDemo.app */ = {isa = PBXFileReference; explicitFileType = wrapper.application; includeInIndex = 0; path = EasylinkDemo.app; sourceTree = BUILT_PRODUCTS_DIR; };
		3DFED68F1AFCCFC50089FC07 /* EasyLinkDemoTests.xctest */ = {isa = PBXFileReference; explicitFileType = wrapper.cfbundle; includeInIndex = 0; path = EasyLinkDemoTests.xctest; sourceTree = BUILT_PRODUCTS_DIR; };
		8198E7ABAAE90B75C83469DC /* Pods-EasylinkDemo.debug.xcconfig */ = {isa = PBXFileReference; includeInIndex = 1; lastKnownFileType = text.xcconfig; name = "Pods-EasylinkDemo.debug.xcconfig"; path = "Pods/Target Support Files/Pods-EasylinkDemo/Pods-EasylinkDemo.debug.xcconfig"; sourceTree = "<group>"; };
		A525A55694B4CD825D580C8C /* Pods-EasylinkDemo.release.xcconfig */ = {isa = PBXFileReference; includeInIndex = 1; lastKnownFileType = text.xcconfig; name = "Pods-EasylinkDemo.release.xcconfig"; path = "Pods/Target Support Files/Pods-EasylinkDemo/Pods-EasylinkDemo.release.xcconfig"; sourceTree = "<group>"; };
/* End PBXFileReference section */

/* Begin PBXFrameworksBuildPhase section */
		3DFED6731AFCCFC50089FC07 /* Frameworks */ = {
			isa = PBXFrameworksBuildPhase;
			buildActionMask = 2147483647;
			files = (
				3DB9C75D1CF5ACE100576DA2 /* libEasyLink.a in Frameworks */,
				BF8FD931F1EF7A8E765A9076 /* libPods-EasylinkDemo.a in Frameworks */,
			);
			runOnlyForDeploymentPostprocessing = 0;
		};
		3DFED68C1AFCCFC50089FC07 /* Frameworks */ = {
			isa = PBXFrameworksBuildPhase;
			buildActionMask = 2147483647;
			files = (
			);
			runOnlyForDeploymentPostprocessing = 0;
		};
/* End PBXFrameworksBuildPhase section */

/* Begin PBXGroup section */
		348E8AC244EA7B29A93D9CC8 /* Frameworks */ = {
			isa = PBXGroup;
			children = (
				1CE65D5B1C7183F615359A84 /* libPods-EasylinkDemo.a */,
			);
			name = Frameworks;
			sourceTree = "<group>";
		};
		3DFED66D1AFCCFC50089FC07 = {
			isa = PBXGroup;
			children = (
				3DD5ED131BD8F0C200654389 /* EasylinkDemo.entitlements */,
				3D76A0171BB93EB200F26005 /* LaunchScreen.xib */,
				3D76A0141BB93DC200F26005 /* Main.storyboard */,
				3DFED6781AFCCFC50089FC07 /* Easylink Demo */,
				3DFED6921AFCCFC50089FC07 /* Easylink DemoTests */,
				3DFED6771AFCCFC50089FC07 /* Products */,
				71D4D91ECC0EA49BE7764998 /* Pods */,
				348E8AC244EA7B29A93D9CC8 /* Frameworks */,
			);
			sourceTree = "<group>";
		};
		3DFED6771AFCCFC50089FC07 /* Products */ = {
			isa = PBXGroup;
			children = (
				3DFED6761AFCCFC50089FC07 /* EasylinkDemo.app */,
				3DFED68F1AFCCFC50089FC07 /* EasyLinkDemoTests.xctest */,
			);
			name = Products;
			sourceTree = "<group>";
		};
		3DFED6781AFCCFC50089FC07 /* Easylink Demo */ = {
			isa = PBXGroup;
			children = (
				3DEB95301BF347EF0005C635 /* GizwitsViewController.h */,
				3DEB95311BF347EF0005C635 /* GizwitsViewController.m */,
				3DA33E1B1BC2756F00E18253 /* EasylinkAliViewController.h */,
				3DA33E1C1BC2756F00E18253 /* EasylinkAliViewController.m */,
				3DD4B5F91BBA654500CE20F0 /* EasylinkViewController.h */,
				3DD4B5FA1BBA654500CE20F0 /* EasylinkViewController.m */,
				3DD4B5FC1BBA74E900CE20F0 /* RootViewController.h */,
				3DD4B5FD1BBA74E900CE20F0 /* RootViewController.m */,
				3D769FF11BB932D700F26005 /* AppDelegate.h */,
				3D769FF21BB932D700F26005 /* AppDelegate.m */,
				3DFED6A51AFCD2AD0089FC07 /* EasyLink */,
				3D769FF31BB932D700F26005 /* Images.xcassets */,
				3DFED6791AFCCFC50089FC07 /* Supporting Files */,
			);
			name = "Easylink Demo";
			path = "Easlink send demo";
			sourceTree = "<group>";
		};
		3DFED6791AFCCFC50089FC07 /* Supporting Files */ = {
			isa = PBXGroup;
			children = (
				3D769FFC1BB93B0200F26005 /* Info.plist */,
				3D769FFD1BB93B0200F26005 /* main.m */,
			);
			name = "Supporting Files";
			sourceTree = "<group>";
		};
		3DFED6921AFCCFC50089FC07 /* Easylink DemoTests */ = {
			isa = PBXGroup;
			children = (
				3DFED6931AFCCFC50089FC07 /* Supporting Files */,
			);
			name = "Easylink DemoTests";
			path = "Easlink send demoTests";
			sourceTree = "<group>";
		};
		3DFED6931AFCCFC50089FC07 /* Supporting Files */ = {
			isa = PBXGroup;
			children = (
			);
			name = "Supporting Files";
			sourceTree = "<group>";
		};
		3DFED6A51AFCD2AD0089FC07 /* EasyLink */ = {
			isa = PBXGroup;
			children = (
				3DB9C75C1CF5ACE100576DA2 /* libEasyLink.a */,
				3DEB952D1BF3383E0005C635 /* MXCHIPAirlink.h */,
				3DEB952E1BF3383E0005C635 /* MXCHIPAirlink.m */,
				3D611A891BC4A58C00DC1F4B /* AXZWifiLinkProtocol.h */,
				3DA33E1E1BC2768100E18253 /* EasyLinkForAXZWifiLink.h */,
				3DA33E1F1BC2768100E18253 /* EasyLinkForAXZWifiLink.m */,
				3D76A0131BB93CF500F26005 /* EasyLink.h */,
			);
			name = EasyLink;
			path = EasyLink/EasyLink/Common;
			sourceTree = "<group>";
		};
		71D4D91ECC0EA49BE7764998 /* Pods */ = {
			isa = PBXGroup;
			children = (
				8198E7ABAAE90B75C83469DC /* Pods-EasylinkDemo.debug.xcconfig */,
				A525A55694B4CD825D580C8C /* Pods-EasylinkDemo.release.xcconfig */,
			);
			name = Pods;
			sourceTree = "<group>";
		};
/* End PBXGroup section */

/* Begin PBXNativeTarget section */
		3DFED6751AFCCFC50089FC07 /* EasylinkDemo */ = {
			isa = PBXNativeTarget;
			buildConfigurationList = 3DFED6991AFCCFC50089FC07 /* Build configuration list for PBXNativeTarget "EasylinkDemo" */;
			buildPhases = (
				86DC174CE118E3984087A2F2 /* [CP] Check Pods Manifest.lock */,
				3DFED6721AFCCFC50089FC07 /* Sources */,
				3DFED6731AFCCFC50089FC07 /* Frameworks */,
				3DFED6741AFCCFC50089FC07 /* Resources */,
			);
			buildRules = (
			);
			dependencies = (
			);
			name = EasylinkDemo;
			productName = "Easlink send demo";
			productReference = 3DFED6761AFCCFC50089FC07 /* EasylinkDemo.app */;
			productType = "com.apple.product-type.application";
		};
		3DFED68E1AFCCFC50089FC07 /* EasyLinkDemoTests */ = {
			isa = PBXNativeTarget;
			buildConfigurationList = 3DFED69C1AFCCFC50089FC07 /* Build configuration list for PBXNativeTarget "EasyLinkDemoTests" */;
			buildPhases = (
				3DFED68B1AFCCFC50089FC07 /* Sources */,
				3DFED68C1AFCCFC50089FC07 /* Frameworks */,
				3DFED68D1AFCCFC50089FC07 /* Resources */,
			);
			buildRules = (
			);
			dependencies = (
				3DFED6911AFCCFC50089FC07 /* PBXTargetDependency */,
			);
			name = EasyLinkDemoTests;
			productName = "Easlink send demoTests";
			productReference = 3DFED68F1AFCCFC50089FC07 /* EasyLinkDemoTests.xctest */;
			productType = "com.apple.product-type.bundle.unit-test";
		};
/* End PBXNativeTarget section */

/* Begin PBXProject section */
		3DFED66E1AFCCFC50089FC07 /* Project object */ = {
			isa = PBXProject;
			attributes = {
				LastUpgradeCheck = 0810;
				ORGANIZATIONNAME = "MXCHIP Inc";
				TargetAttributes = {
					3DFED6751AFCCFC50089FC07 = {
						CreatedOnToolsVersion = 6.3;
						DevelopmentTeam = AYDR2YFZ4K;
						SystemCapabilities = {
							com.apple.AccessWiFi = {
								enabled = 1;
							};
							com.apple.HomeKit = {
								enabled = 0;
							};
						};
					};
					3DFED68E1AFCCFC50089FC07 = {
						CreatedOnToolsVersion = 6.3;
						TestTargetID = 3DFED6751AFCCFC50089FC07;
					};
				};
			};
			buildConfigurationList = 3DFED6711AFCCFC50089FC07 /* Build configuration list for PBXProject "EasylinkDemo" */;
			compatibilityVersion = "Xcode 3.2";
			developmentRegion = English;
			hasScannedForEncodings = 0;
			knownRegions = (
				en,
				Base,
			);
			mainGroup = 3DFED66D1AFCCFC50089FC07;
			productRefGroup = 3DFED6771AFCCFC50089FC07 /* Products */;
			projectDirPath = "";
			projectRoot = "";
			targets = (
				3DFED6751AFCCFC50089FC07 /* EasylinkDemo */,
				3DFED68E1AFCCFC50089FC07 /* EasyLinkDemoTests */,
			);
		};
/* End PBXProject section */

/* Begin PBXResourcesBuildPhase section */
		3DFED6741AFCCFC50089FC07 /* Resources */ = {
			isa = PBXResourcesBuildPhase;
			buildActionMask = 2147483647;
			files = (
				3D76A0191BB93EB200F26005 /* LaunchScreen.xib in Resources */,
				3D769FF71BB932D700F26005 /* Images.xcassets in Resources */,
				3D76A0161BB93DC200F26005 /* Main.storyboard in Resources */,
			);
			runOnlyForDeploymentPostprocessing = 0;
		};
		3DFED68D1AFCCFC50089FC07 /* Resources */ = {
			isa = PBXResourcesBuildPhase;
			buildActionMask = 2147483647;
			files = (
			);
			runOnlyForDeploymentPostprocessing = 0;
		};
/* End PBXResourcesBuildPhase section */

/* Begin PBXShellScriptBuildPhase section */
		86DC174CE118E3984087A2F2 /* [CP] Check Pods Manifest.lock */ = {
			isa = PBXShellScriptBuildPhase;
			buildActionMask = 2147483647;
			files = (
			);
			inputPaths = (
				"${PODS_PODFILE_DIR_PATH}/Podfile.lock",
				"${PODS_ROOT}/Manifest.lock",
			);
			name = "[CP] Check Pods Manifest.lock";
			outputPaths = (
				"$(DERIVED_FILE_DIR)/Pods-EasylinkDemo-checkManifestLockResult.txt",
			);
			runOnlyForDeploymentPostprocessing = 0;
			shellPath = /bin/sh;
			shellScript = "diff \"${PODS_PODFILE_DIR_PATH}/Podfile.lock\" \"${PODS_ROOT}/Manifest.lock\" > /dev/null\nif [ $? != 0 ] ; then\n    # print error to STDERR\n    echo \"error: The sandbox is not in sync with the Podfile.lock. Run 'pod install' or update your CocoaPods installation.\" >&2\n    exit 1\nfi\n# This output is used by Xcode 'outputs' to avoid re-running this script phase.\necho \"SUCCESS\" > \"${SCRIPT_OUTPUT_FILE_0}\"\n";
			showEnvVarsInLog = 0;
		};
/* End PBXShellScriptBuildPhase section */

/* Begin PBXSourcesBuildPhase section */
		3DFED6721AFCCFC50089FC07 /* Sources */ = {
			isa = PBXSourcesBuildPhase;
			buildActionMask = 2147483647;
			files = (
				3DD4B5FB1BBA654500CE20F0 /* EasylinkViewController.m in Sources */,
				3DD4B5FE1BBA74E900CE20F0 /* RootViewController.m in Sources */,
				3DEB95321BF347EF0005C635 /* GizwitsViewController.m in Sources */,
				3DA33E201BC2768100E18253 /* EasyLinkForAXZWifiLink.m in Sources */,
				3DEB952F1BF3383E0005C635 /* MXCHIPAirlink.m in Sources */,
				3D769FF61BB932D700F26005 /* AppDelegate.m in Sources */,
				3DA33E1D1BC2756F00E18253 /* EasylinkAliViewController.m in Sources */,
				3D769FFF1BB93B0200F26005 /* main.m in Sources */,
			);
			runOnlyForDeploymentPostprocessing = 0;
		};
		3DFED68B1AFCCFC50089FC07 /* Sources */ = {
			isa = PBXSourcesBuildPhase;
			buildActionMask = 2147483647;
			files = (
			);
			runOnlyForDeploymentPostprocessing = 0;
		};
/* End PBXSourcesBuildPhase section */

/* Begin PBXTargetDependency section */
		3DFED6911AFCCFC50089FC07 /* PBXTargetDependency */ = {
			isa = PBXTargetDependency;
			target = 3DFED6751AFCCFC50089FC07 /* EasylinkDemo */;
			targetProxy = 3DFED6901AFCCFC50089FC07 /* PBXContainerItemProxy */;
		};
/* End PBXTargetDependency section */

/* Begin PBXVariantGroup section */
		3D76A0141BB93DC200F26005 /* Main.storyboard */ = {
			isa = PBXVariantGroup;
			children = (
				3D76A0151BB93DC200F26005 /* Base */,
			);
			name = Main.storyboard;
			sourceTree = "<group>";
		};
		3D76A0171BB93EB200F26005 /* LaunchScreen.xib */ = {
			isa = PBXVariantGroup;
			children = (
				3D76A0181BB93EB200F26005 /* Base */,
			);
			name = LaunchScreen.xib;
			sourceTree = "<group>";
		};
/* End PBXVariantGroup section */

/* Begin XCBuildConfiguration section */
		3DFED6971AFCCFC50089FC07 /* Debug */ = {
			isa = XCBuildConfiguration;
			buildSettings = {
				ALWAYS_SEARCH_USER_PATHS = NO;
				CLANG_CXX_LANGUAGE_STANDARD = "gnu++0x";
				CLANG_CXX_LIBRARY = "libc++";
				CLANG_ENABLE_MODULES = YES;
				CLANG_ENABLE_OBJC_ARC = YES;
				CLANG_WARN_BOOL_CONVERSION = YES;
				CLANG_WARN_CONSTANT_CONVERSION = YES;
				CLANG_WARN_DIRECT_OBJC_ISA_USAGE = YES_ERROR;
				CLANG_WARN_EMPTY_BODY = YES;
				CLANG_WARN_ENUM_CONVERSION = YES;
				CLANG_WARN_INFINITE_RECURSION = YES;
				CLANG_WARN_INT_CONVERSION = YES;
				CLANG_WARN_OBJC_ROOT_CLASS = YES_ERROR;
				CLANG_WARN_SUSPICIOUS_MOVE = YES;
				CLANG_WARN_UNREACHABLE_CODE = YES;
				CLANG_WARN__DUPLICATE_METHOD_MATCH = YES;
				CODE_SIGN_IDENTITY = "iPhone Developer: wei xu (827P7DZFL8)";
				"CODE_SIGN_IDENTITY[sdk=iphoneos*]" = "iPhone Developer";
				COPY_PHASE_STRIP = NO;
				DEBUG_INFORMATION_FORMAT = dwarf;
				ENABLE_BITCODE = YES;
				ENABLE_STRICT_OBJC_MSGSEND = YES;
				ENABLE_TESTABILITY = YES;
				GCC_C_LANGUAGE_STANDARD = gnu99;
				GCC_DYNAMIC_NO_PIC = NO;
				GCC_NO_COMMON_BLOCKS = YES;
				GCC_OPTIMIZATION_LEVEL = 0;
				GCC_PREPROCESSOR_DEFINITIONS = (
					"DEBUG=1",
					"$(inherited)",
				);
				GCC_SYMBOLS_PRIVATE_EXTERN = NO;
				GCC_WARN_64_TO_32_BIT_CONVERSION = YES;
				GCC_WARN_ABOUT_RETURN_TYPE = YES_ERROR;
				GCC_WARN_UNDECLARED_SELECTOR = YES;
				GCC_WARN_UNINITIALIZED_AUTOS = YES_AGGRESSIVE;
				GCC_WARN_UNUSED_FUNCTION = YES;
				GCC_WARN_UNUSED_VARIABLE = YES;
				IPHONEOS_DEPLOYMENT_TARGET = 8.0;
				MTL_ENABLE_DEBUG_INFO = YES;
				ONLY_ACTIVE_ARCH = YES;
				SDKROOT = iphoneos;
				TARGETED_DEVICE_FAMILY = "1,2";
			};
			name = Debug;
		};
		3DFED6981AFCCFC50089FC07 /* Release */ = {
			isa = XCBuildConfiguration;
			buildSettings = {
				ALWAYS_SEARCH_USER_PATHS = NO;
				CLANG_CXX_LANGUAGE_STANDARD = "gnu++0x";
				CLANG_CXX_LIBRARY = "libc++";
				CLANG_ENABLE_MODULES = YES;
				CLANG_ENABLE_OBJC_ARC = YES;
				CLANG_WARN_BOOL_CONVERSION = YES;
				CLANG_WARN_CONSTANT_CONVERSION = YES;
				CLANG_WARN_DIRECT_OBJC_ISA_USAGE = YES_ERROR;
				CLANG_WARN_EMPTY_BODY = YES;
				CLANG_WARN_ENUM_CONVERSION = YES;
				CLANG_WARN_INFINITE_RECURSION = YES;
				CLANG_WARN_INT_CONVERSION = YES;
				CLANG_WARN_OBJC_ROOT_CLASS = YES_ERROR;
				CLANG_WARN_SUSPICIOUS_MOVE = YES;
				CLANG_WARN_UNREACHABLE_CODE = YES;
				CLANG_WARN__DUPLICATE_METHOD_MATCH = YES;
				CODE_SIGN_IDENTITY = "iPhone Developer: wei xu (827P7DZFL8)";
				"CODE_SIGN_IDENTITY[sdk=iphoneos*]" = "iPhone Developer";
				COPY_PHASE_STRIP = NO;
				DEBUG_INFORMATION_FORMAT = dwarf;
				ENABLE_BITCODE = YES;
				ENABLE_NS_ASSERTIONS = NO;
				ENABLE_STRICT_OBJC_MSGSEND = YES;
				GCC_C_LANGUAGE_STANDARD = gnu99;
				GCC_NO_COMMON_BLOCKS = YES;
				GCC_WARN_64_TO_32_BIT_CONVERSION = YES;
				GCC_WARN_ABOUT_RETURN_TYPE = YES_ERROR;
				GCC_WARN_UNDECLARED_SELECTOR = YES;
				GCC_WARN_UNINITIALIZED_AUTOS = YES_AGGRESSIVE;
				GCC_WARN_UNUSED_FUNCTION = YES;
				GCC_WARN_UNUSED_VARIABLE = YES;
				IPHONEOS_DEPLOYMENT_TARGET = 8.0;
				MTL_ENABLE_DEBUG_INFO = NO;
				"OTHER_CFLAGS[arch=*]" = "-fembed-bitcode";
				SDKROOT = iphoneos;
				TARGETED_DEVICE_FAMILY = "1,2";
				VALIDATE_PRODUCT = YES;
			};
			name = Release;
		};
		3DFED69A1AFCCFC50089FC07 /* Debug */ = {
			isa = XCBuildConfiguration;
			baseConfigurationReference = 8198E7ABAAE90B75C83469DC /* Pods-EasylinkDemo.debug.xcconfig */;
			buildSettings = {
				ASSETCATALOG_COMPILER_APPICON_NAME = AppIcon;
				CODE_SIGN_ENTITLEMENTS = EasylinkDemo/EasylinkDemo.entitlements;
				CODE_SIGN_IDENTITY = "iPhone Developer: wei xu (827P7DZFL8)";
				"CODE_SIGN_IDENTITY[sdk=iphoneos*]" = "iPhone Developer: wei xu (827P7DZFL8)";
				DEVELOPMENT_TEAM = AYDR2YFZ4K;
				ENABLE_BITCODE = YES;
				INFOPLIST_FILE = "$(SRCROOT)/EasylinkDemo/Info.plist";
				IPHONEOS_DEPLOYMENT_TARGET = 9.0;
				LD_RUNPATH_SEARCH_PATHS = "$(inherited) @executable_path/Frameworks";
				LIBRARY_SEARCH_PATHS = (
					"$(inherited)",
					"$(PROJECT_DIR)/EasylinkDemo/EasyLink",
				);
				OTHER_CFLAGS = (
					"$(inherited)",
					"-isystem",
					"\"${PODS_ROOT}/Headers/Public\"",
					"-isystem",
					"\"${PODS_ROOT}/Headers/Public/Reachability\"",
					"-fembed-bitcode",
				);
				PRODUCT_BUNDLE_IDENTIFIER = com.mxchip.EasyLinkDemo;
				PRODUCT_NAME = "$(TARGET_NAME)";
				PROVISIONING_PROFILE = "299028d3-19c8-4f2f-a4cd-31e125c6601f";
				PROVISIONING_PROFILE_SPECIFIER = EasyLinkDemo;
			};
			name = Debug;
		};
		3DFED69B1AFCCFC50089FC07 /* Release */ = {
			isa = XCBuildConfiguration;
			baseConfigurationReference = A525A55694B4CD825D580C8C /* Pods-EasylinkDemo.release.xcconfig */;
			buildSettings = {
				ASSETCATALOG_COMPILER_APPICON_NAME = AppIcon;
				CODE_SIGN_ENTITLEMENTS = EasylinkDemo/EasylinkDemo.entitlements;
				CODE_SIGN_IDENTITY = "iPhone Developer: wei xu (827P7DZFL8)";
				"CODE_SIGN_IDENTITY[sdk=iphoneos*]" = "iPhone Developer: wei xu (827P7DZFL8)";
				DEVELOPMENT_TEAM = AYDR2YFZ4K;
				ENABLE_BITCODE = YES;
				INFOPLIST_FILE = "$(SRCROOT)/EasylinkDemo/Info.plist";
				IPHONEOS_DEPLOYMENT_TARGET = 9.0;
				LD_RUNPATH_SEARCH_PATHS = "$(inherited) @executable_path/Frameworks";
				LIBRARY_SEARCH_PATHS = (
					"$(inherited)",
					"$(PROJECT_DIR)/EasylinkDemo/EasyLink",
				);
				OTHER_CFLAGS = (
					"$(inherited)",
					"-isystem",
					"\"${PODS_ROOT}/Headers/Public\"",
					"-isystem",
					"\"${PODS_ROOT}/Headers/Public/Reachability\"",
					"-fembed-bitcode",
				);
				PRODUCT_BUNDLE_IDENTIFIER = com.mxchip.EasyLinkDemo;
				PRODUCT_NAME = "$(TARGET_NAME)";
				PROVISIONING_PROFILE = "299028d3-19c8-4f2f-a4cd-31e125c6601f";
				PROVISIONING_PROFILE_SPECIFIER = EasyLinkDemo;
			};
			name = Release;
		};
		3DFED69D1AFCCFC50089FC07 /* Debug */ = {
			isa = XCBuildConfiguration;
			buildSettings = {
				BUNDLE_LOADER = "$(TEST_HOST)";
				FRAMEWORK_SEARCH_PATHS = (
					"$(SDKROOT)/Developer/Library/Frameworks",
					"$(inherited)",
				);
				GCC_PREPROCESSOR_DEFINITIONS = (
					"DEBUG=1",
					"$(inherited)",
				);
				INFOPLIST_FILE = "Easlink send demoTests/Info.plist";
				LD_RUNPATH_SEARCH_PATHS = "$(inherited) @executable_path/Frameworks @loader_path/Frameworks";
				PRODUCT_NAME = "$(TARGET_NAME)";
				TEST_HOST = "$(BUILT_PRODUCTS_DIR)/Easlink send demo.app/Easlink send demo";
			};
			name = Debug;
		};
		3DFED69E1AFCCFC50089FC07 /* Release */ = {
			isa = XCBuildConfiguration;
			buildSettings = {
				BUNDLE_LOADER = "$(TEST_HOST)";
				FRAMEWORK_SEARCH_PATHS = (
					"$(SDKROOT)/Developer/Library/Frameworks",
					"$(inherited)",
				);
				INFOPLIST_FILE = "Easlink send demoTests/Info.plist";
				LD_RUNPATH_SEARCH_PATHS = "$(inherited) @executable_path/Frameworks @loader_path/Frameworks";
				PRODUCT_NAME = "$(TARGET_NAME)";
				TEST_HOST = "$(BUILT_PRODUCTS_DIR)/Easlink send demo.app/Easlink send demo";
			};
			name = Release;
		};
/* End XCBuildConfiguration section */

/* Begin XCConfigurationList section */
		3DFED6711AFCCFC50089FC07 /* Build configuration list for PBXProject "EasylinkDemo" */ = {
			isa = XCConfigurationList;
			buildConfigurations = (
				3DFED6971AFCCFC50089FC07 /* Debug */,
				3DFED6981AFCCFC50089FC07 /* Release */,
			);
			defaultConfigurationIsVisible = 0;
			defaultConfigurationName = Release;
		};
		3DFED6991AFCCFC50089FC07 /* Build configuration list for PBXNativeTarget "EasylinkDemo" */ = {
			isa = XCConfigurationList;
			buildConfigurations = (
				3DFED69A1AFCCFC50089FC07 /* Debug */,
				3DFED69B1AFCCFC50089FC07 /* Release */,
			);
			defaultConfigurationIsVisible = 0;
			defaultConfigurationName = Release;
		};
		3DFED69C1AFCCFC50089FC07 /* Build configuration list for PBXNativeTarget "EasyLinkDemoTests" */ = {
			isa = XCConfigurationList;
			buildConfigurations = (
				3DFED69D1AFCCFC50089FC07 /* Debug */,
				3DFED69E1AFCCFC50089FC07 /* Release */,
			);
			defaultConfigurationIsVisible = 0;
			defaultConfigurationName = Release;
		};
/* End XCConfigurationList section */
	};
	rootObject = 3DFED66E1AFCCFC50089FC07 /* Project object */;
}
